
Microsoft Visual Studio Solution File, Format Version 9.00
# Visual Studio 2005
Project("{FAE04EC0-301F-11D3-BF4B-00C04F79EFBC}") = "LETSI_WS_Stub_Client", "LETSI_WS_Stub_Client.csproj", "{0ECAD9E7-B495-4145-A831-4D8860E7D5B6}"
EndProject
Global
	GlobalSection(SolutionConfigurationPlatforms) = preSolution
		Debug|Any CPU = Debug|Any CPU
		Release|Any CPU = Release|Any CPU
	EndGlobalSection
	GlobalSection(ProjectConfigurationPlatforms) = postSolution
		{0ECAD9E7-B495-4145-A831-4D8860E7D5B6}.Debug|Any CPU.ActiveCfg = Debug|Any CPU
		{0ECAD9E7-B495-4145-A831-4D8860E7D5B6}.Debug|Any CPU.Build.0 = Debug|Any CPU
		{0ECAD9E7-B495-4145-A831-4D8860E7D5B6}.Release|Any CPU.ActiveCfg = Release|Any CPU
		{0ECAD9E7-B495-4145-A831-4D8860E7D5B6}.Release|Any CPU.Build.0 = Release|Any CPU
	EndGlobalSection
	GlobalSection(SolutionProperties) = preSolution
		HideSolutionNode = FALSE
	EndGlobalSection
EndGlobal
